
Microsoft Visual Studio Solution File, Format Version 12.00
# Visual Studio Version 17
VisualStudioVersion = 17.0.31903.59
MinimumVisualStudioVersion = 10.0.40219.1
Project("{2150E333-8FDC-42A3-9474-1A3956D46DE8}") = "api", "api", "{5479F1EB-6E0C-4E8C-8943-D19E0262CE6D}"
EndProject
Project("{2150E333-8FDC-42A3-9474-1A3956D46DE8}") = "deploy", "deploy", "{65B00E49-4B58-40EE-90F7-0DE4BCEA96B1}"
EndProject
Project("{E53339B2-1760-4266-BCC7-CA923CBCF16C}") = "docker-compose", "deploy\docker-compose.dcproj", "{FEA0C318-FFED-4D39-8781-265718CA43DD}"
EndProject
Project("{9A19103F-16F7-4668-BE54-9A1E7A4F7556}") = "QuizSession.API", "api\QuizSession.API\QuizSession.API.csproj", "{89FAFA28-130A-4332-91A0-CF9F07E622C8}"
EndProject
Project("{FAE04EC0-301F-11D3-BF4B-00C04F79EFBC}") = "NotificationServer", "api\NotificationServer\NotificationServer.csproj", "{C0E152C6-3A30-4E79-969B-18C8AA3B7ADF}"
EndProject
Global
	GlobalSection(SolutionConfigurationPlatforms) = preSolution
		Debug|Any CPU = Debug|Any CPU
		Release|Any CPU = Release|Any CPU
	EndGlobalSection
	GlobalSection(ProjectConfigurationPlatforms) = postSolution
		{FEA0C318-FFED-4D39-8781-265718CA43DD}.Debug|Any CPU.ActiveCfg = Debug|Any CPU
		{FEA0C318-FFED-4D39-8781-265718CA43DD}.Debug|Any CPU.Build.0 = Debug|Any CPU
		{FEA0C318-FFED-4D39-8781-265718CA43DD}.Release|Any CPU.ActiveCfg = Release|Any CPU
		{FEA0C318-FFED-4D39-8781-265718CA43DD}.Release|Any CPU.Build.0 = Release|Any CPU
		{89FAFA28-130A-4332-91A0-CF9F07E622C8}.Debug|Any CPU.ActiveCfg = Debug|Any CPU
		{89FAFA28-130A-4332-91A0-CF9F07E622C8}.Debug|Any CPU.Build.0 = Debug|Any CPU
		{89FAFA28-130A-4332-91A0-CF9F07E622C8}.Release|Any CPU.ActiveCfg = Release|Any CPU
		{89FAFA28-130A-4332-91A0-CF9F07E622C8}.Release|Any CPU.Build.0 = Release|Any CPU
		{C0E152C6-3A30-4E79-969B-18C8AA3B7ADF}.Debug|Any CPU.ActiveCfg = Debug|Any CPU
		{C0E152C6-3A30-4E79-969B-18C8AA3B7ADF}.Debug|Any CPU.Build.0 = Debug|Any CPU
		{C0E152C6-3A30-4E79-969B-18C8AA3B7ADF}.Release|Any CPU.ActiveCfg = Release|Any CPU
		{C0E152C6-3A30-4E79-969B-18C8AA3B7ADF}.Release|Any CPU.Build.0 = Release|Any CPU
	EndGlobalSection
	GlobalSection(SolutionProperties) = preSolution
		HideSolutionNode = FALSE
	EndGlobalSection
	GlobalSection(NestedProjects) = preSolution
		{FEA0C318-FFED-4D39-8781-265718CA43DD} = {65B00E49-4B58-40EE-90F7-0DE4BCEA96B1}
		{89FAFA28-130A-4332-91A0-CF9F07E622C8} = {5479F1EB-6E0C-4E8C-8943-D19E0262CE6D}
		{C0E152C6-3A30-4E79-969B-18C8AA3B7ADF} = {5479F1EB-6E0C-4E8C-8943-D19E0262CE6D}
	EndGlobalSection
	GlobalSection(ExtensibilityGlobals) = postSolution
		SolutionGuid = {1336FB5F-9A25-44BB-AF09-D14A2B43CD62}
	EndGlobalSection
EndGlobal
